{
  "name": "onekey-layout",
  "version": "1.0.1",
  "lockfileVersion": 1,
  "requires": true,
  "dependencies": {
    "@babel/parser": {
      "version": "7.19.3",
      "resolved": "https://registry.npmjs.org/@babel/parser/-/parser-7.19.3.tgz",
      "integrity": "sha512-pJ9xOlNWHiy9+FuFP09DEAFbAn4JskgRsVcc169w2xRBC3FRGuQEwjeIMMND9L2zc0iEhO/tGv4Zq+km+hxNpQ=="
    },
    "@interactjs/actions": {
      "version": "1.10.2",
      "resolved": "https://registry.npmjs.org/@interactjs/actions/-/actions-1.10.2.tgz",
      "integrity": "sha512-BHJcW84WCMf/LsKmha/1Yog7aH3+QBXbLvowvZvwYvgjdUIb3xCa1a7FUYXuWAeKNMyKPVjFun+WPce75B+1tA==",
      "requires": {
        "@interactjs/interact": "1.10.2"
      }
    },
    "@interactjs/arrange": {
      "version": "1.10.2",
      "resolved": "https://registry.npmjs.org/@interactjs/arrange/-/arrange-1.10.2.tgz",
      "integrity": "sha512-pPLA9o4RWMFN0VfalklOFSRLL4WqqXcD9no4XEuqV00goZPCxLBbMTztaWwnutlRy7evtOhUjUH+pZVsS+dZ4Q=="
    },
    "@interactjs/auto-scroll": {
      "version": "1.10.2",
      "resolved": "https://registry.npmjs.org/@interactjs/auto-scroll/-/auto-scroll-1.10.2.tgz",
      "integrity": "sha512-yYqzOawwvWd1NNnlqZdzrXoOMFafQ2/ws85erpJqdaNMQE221z2uP+QYhFRLQRgYUlTbHFfmjDpzhuJgq4uA8Q==",
      "requires": {
        "@interactjs/interact": "1.10.2"
      }
    },
    "@interactjs/auto-start": {
      "version": "1.10.2",
      "resolved": "https://registry.npmjs.org/@interactjs/auto-start/-/auto-start-1.10.2.tgz",
      "integrity": "sha512-nZudj8VzJzz+uEyDHqXwtKpvUYr+Oj1+xBrJEu21CywroHQWM2J4fCIiCgeCo3d5/p/TrzFk5b+YfAWePKiLxA==",
      "requires": {
        "@interactjs/interact": "1.10.2"
      }
    },
    "@interactjs/clone": {
      "version": "1.10.2",
      "resolved": "https://registry.npmjs.org/@interactjs/clone/-/clone-1.10.2.tgz",
      "integrity": "sha512-XzA8BRHSCwvysOegZ1kopg+IJF3erh4qzY6DRoZsIJovKAXawoa176E58IAzDbgYPJ2yoaSGT+XyzT2C0wa3pQ=="
    },
    "@interactjs/core": {
      "version": "1.10.2",
      "resolved": "https://registry.npmjs.org/@interactjs/core/-/core-1.10.2.tgz",
      "integrity": "sha512-SA5KRGo+gFJOhBj1Z2dLHhAf0/2nyHNd4SQ460aIQ3jj/QhqbJW6kGzmh7hBa2FzVGgxLhcQu7NZaP4rnDfUNw=="
    },
    "@interactjs/dev-tools": {
      "version": "1.10.2",
      "resolved": "https://registry.npmjs.org/@interactjs/dev-tools/-/dev-tools-1.10.2.tgz",
      "integrity": "sha512-aAd9NgTAGA3yVdFCYcAAYrM4TYQFuVqEvsF+xj+g5SlGyrJ7+GTjPZ2rScOyAsABY4Tz64L2pXvWmXMG87dncA==",
      "requires": {
        "@interactjs/interact": "1.10.2",
        "@interactjs/utils": "1.10.2"
      }
    },
    "@interactjs/feedback": {
      "version": "1.10.2",
      "resolved": "https://registry.npmjs.org/@interactjs/feedback/-/feedback-1.10.2.tgz",
      "integrity": "sha512-XlcoICGrFeUwwRtDgOpstOOvlU42WZoEg7gJHK3LwF7j0IctPd1+3blXofFlBeVvodle8MvUMepm5CRXz741fA=="
    },
    "@interactjs/inertia": {
      "version": "1.10.2",
      "resolved": "https://registry.npmjs.org/@interactjs/inertia/-/inertia-1.10.2.tgz",
      "integrity": "sha512-ZmN1joN6J36Q6SOp3V0iZOisXZOBMSAUj0STo8wbwCKy7K8IrC9vjUBbO2JM52cT6o7hg5ebHsp5c8FrebSHlg==",
      "requires": {
        "@interactjs/interact": "1.10.2",
        "@interactjs/offset": "1.10.2"
      }
    },
    "@interactjs/interact": {
      "version": "1.10.2",
      "resolved": "https://registry.npmjs.org/@interactjs/interact/-/interact-1.10.2.tgz",
      "integrity": "sha512-Ms5uVCY9IobVYpQyBnBdkP6Bk6iDY7TkC7GupsdUPUxzAvYSQCTEAGr/1PwxSrSS6dN/8O8TuyUWPbCaylr/JA==",
      "requires": {
        "@interactjs/core": "1.10.2",
        "@interactjs/types": "1.10.2",
        "@interactjs/utils": "1.10.2"
      }
    },
    "@interactjs/interactjs": {
      "version": "1.10.2",
      "resolved": "https://registry.npmjs.org/@interactjs/interactjs/-/interactjs-1.10.2.tgz",
      "integrity": "sha512-OwLl70af6lfZOOg/bvWKSNm1DS1nDI72QnzDYljSKfc2D8stqLIGDO1wPY2rhZudUG5q3t50EhmMUQF76yll/g==",
      "requires": {
        "@interactjs/actions": "1.10.2",
        "@interactjs/arrange": "1.10.2",
        "@interactjs/auto-scroll": "1.10.2",
        "@interactjs/auto-start": "1.10.2",
        "@interactjs/clone": "1.10.2",
        "@interactjs/core": "1.10.2",
        "@interactjs/dev-tools": "1.10.2",
        "@interactjs/feedback": "1.10.2",
        "@interactjs/inertia": "1.10.2",
        "@interactjs/interact": "1.10.2",
        "@interactjs/modifiers": "1.10.2",
        "@interactjs/multi-target": "1.10.2",
        "@interactjs/offset": "1.10.2",
        "@interactjs/pointer-events": "1.10.2",
        "@interactjs/react": "1.10.2",
        "@interactjs/reflow": "1.10.2",
        "@interactjs/utils": "1.10.2",
        "@interactjs/vue": "1.10.2"
      }
    },
    "@interactjs/modifiers": {
      "version": "1.10.2",
      "resolved": "https://registry.npmjs.org/@interactjs/modifiers/-/modifiers-1.10.2.tgz",
      "integrity": "sha512-3wYEucvZF2NTIslnVIKw5MWhkn9LM42cGCQaC19o3LZeWnbps7NnHJCyQp6zylJrCbwt7f+CSt4Oj2/s0f6XEA==",
      "requires": {
        "@interactjs/interact": "1.10.2",
        "@interactjs/snappers": "1.10.2"
      }
    },
    "@interactjs/multi-target": {
      "version": "1.10.2",
      "resolved": "https://registry.npmjs.org/@interactjs/multi-target/-/multi-target-1.10.2.tgz",
      "integrity": "sha512-O2GiIqgZBzjAVTOpL8doTnAcM9AtM3+H/Bb+An12wWKtNutVK7JbqUAO2nYueOk55/PP3yDLY9Qdr15RJns3lQ=="
    },
    "@interactjs/offset": {
      "version": "1.10.2",
      "resolved": "https://registry.npmjs.org/@interactjs/offset/-/offset-1.10.2.tgz",
      "integrity": "sha512-xLgQqinFUY7ZqSX9d9on7XRcxvQdHNEAktj2QFwxMsEwrA6zbKROpPVwt8WQ1yBAeJSFjgYGcmCMPW5K41dT0w==",
      "requires": {
        "@interactjs/interact": "1.10.2"
      }
    },
    "@interactjs/pointer-events": {
      "version": "1.10.2",
      "resolved": "https://registry.npmjs.org/@interactjs/pointer-events/-/pointer-events-1.10.2.tgz",
      "integrity": "sha512-O8s3N399hkGIzWGlcJVy0LJyDn5YWDh6XKjyowh/QivtlZSWPY8eglmlN2uZX0lmiqUYghbKI4CpQYP/cE0ZDA==",
      "requires": {
        "@interactjs/interact": "1.10.2"
      }
    },
    "@interactjs/react": {
      "version": "1.10.2",
      "resolved": "https://registry.npmjs.org/@interactjs/react/-/react-1.10.2.tgz",
      "integrity": "sha512-JXzPdANft+W2vq3SCSzprCwom5UuC8TaiAAhVdt8R+/P6xHbOeAX93XLS5YmDwT8e0Zh9J9jYvz55tkTdwjFZQ=="
    },
    "@interactjs/reflow": {
      "version": "1.10.2",
      "resolved": "https://registry.npmjs.org/@interactjs/reflow/-/reflow-1.10.2.tgz",
      "integrity": "sha512-pc6o6RRhSCYQC4auZexRb7z5FQkdSVev5HzlRfUAjfw4C076qgbcs63ESRKy4YXdSBtUTvARQZxpuWUNGquzJw==",
      "requires": {
        "@interactjs/interact": "1.10.2"
      }
    },
    "@interactjs/snappers": {
      "version": "1.10.2",
      "resolved": "https://registry.npmjs.org/@interactjs/snappers/-/snappers-1.10.2.tgz",
      "integrity": "sha512-wQ41Vn5GRn6VavjIEUtTkd9d5QgdKgC4+CPW0fjKkiQclLBmaic7VibNETO8twN0Jx5e73EoPj9K2nAVHIA0hA=="
    },
    "@interactjs/types": {
      "version": "1.10.2",
      "resolved": "https://registry.npmjs.org/@interactjs/types/-/types-1.10.2.tgz",
      "integrity": "sha512-l0T1bU8OHRv716ztQOYwP+K7b/lA76C0T3r/cdabbUv6CKeAFdFRRFlmNxYOM36SxMGWAiq5VWrN3SeXlB7Fow=="
    },
    "@interactjs/utils": {
      "version": "1.10.2",
      "resolved": "https://registry.npmjs.org/@interactjs/utils/-/utils-1.10.2.tgz",
      "integrity": "sha512-sOr+pu7XGAN4qv+ikajMo3RJygbkbMLegmx0Tv5Qf6e80sF42FjkmHeMGuV7fL98nwat0VmDiWerOFBnKctXow=="
    },
    "@interactjs/vue": {
      "version": "1.10.2",
      "resolved": "https://registry.npmjs.org/@interactjs/vue/-/vue-1.10.2.tgz",
      "integrity": "sha512-msLdc42DFsCPQZt6YBGZrw8Ro23kQcNnj+iLz2OUQcOrp/lma7WjorUuAwwfyFna2DevLtiYlMLbT0dpO/cVhg=="
    },
    "@vue/compiler-sfc": {
      "version": "2.7.10",
      "resolved": "https://registry.npmjs.org/@vue/compiler-sfc/-/compiler-sfc-2.7.10.tgz",
      "integrity": "sha512-55Shns6WPxlYsz4WX7q9ZJBL77sKE1ZAYNYStLs6GbhIOMrNtjMvzcob6gu3cGlfpCR4bT7NXgyJ3tly2+Hx8Q==",
      "requires": {
        "@babel/parser": "^7.18.4",
        "postcss": "^8.4.14",
        "source-map": "^0.6.1"
      }
    },
    "async-validator": {
      "version": "1.8.5",
      "resolved": "https://registry.npmjs.org/async-validator/-/async-validator-1.8.5.tgz",
      "integrity": "sha512-tXBM+1m056MAX0E8TL2iCjg8WvSyXu0Zc8LNtYqrVeyoL3+esHRZ4SieE9fKQyyU09uONjnMEjrNBMqT0mbvmA==",
      "requires": {
        "babel-runtime": "6.x"
      }
    },
    "axios": {
      "version": "0.24.0",
      "resolved": "https://registry.npmjs.org/axios/-/axios-0.24.0.tgz",
      "integrity": "sha512-Q6cWsys88HoPgAaFAVUb0WpPk0O8iTeisR9IMqy9G8AbO4NlpVknrnQS03zzF9PGAWgO3cgletO3VjV/P7VztA==",
      "requires": {
        "follow-redirects": "^1.14.4"
      }
    },
    "babel-helper-vue-jsx-merge-props": {
      "version": "2.0.3",
      "resolved": "https://registry.npmjs.org/babel-helper-vue-jsx-merge-props/-/babel-helper-vue-jsx-merge-props-2.0.3.tgz",
      "integrity": "sha512-gsLiKK7Qrb7zYJNgiXKpXblxbV5ffSwR0f5whkPAaBAR4fhi6bwRZxX9wBlIc5M/v8CCkXUbXZL4N/nSE97cqg=="
    },
    "babel-runtime": {
      "version": "6.26.0",
      "resolved": "https://registry.npmjs.org/babel-runtime/-/babel-runtime-6.26.0.tgz",
      "integrity": "sha512-ITKNuq2wKlW1fJg9sSW52eepoYgZBggvOAHC0u/CYu/qxQ9EVzThCgR69BnSXLHjy2f7SY5zaQ4yt7H9ZVxY2g==",
      "requires": {
        "core-js": "^2.4.0",
        "regenerator-runtime": "^0.11.0"
      },
      "dependencies": {
        "core-js": {
          "version": "2.6.12",
          "resolved": "https://registry.npmjs.org/core-js/-/core-js-2.6.12.tgz",
          "integrity": "sha512-Kb2wC0fvsWfQrgk8HU5lW6U/Lcs8+9aaYcy4ZFc6DDlo4nZ7n70dEgE5rtR0oG6ufKDUnrwfWL1mXR5ljDatrQ=="
        }
      }
    },
    "batch-processor": {
      "version": "1.0.0",
      "resolved": "https://registry.npmjs.org/batch-processor/-/batch-processor-1.0.0.tgz",
      "integrity": "sha512-xoLQD8gmmR32MeuBHgH0Tzd5PuSZx71ZsbhVxOCRbgktZEPe4SQy7s9Z50uPp0F/f7iw2XmkHN2xkgbMfckMDA=="
    },
    "core-js": {
      "version": "3.25.3",
      "resolved": "https://registry.npmjs.org/core-js/-/core-js-3.25.3.tgz",
      "integrity": "sha512-y1hvKXmPHvm5B7w4ln1S4uc9eV/O5+iFExSRUimnvIph11uaizFR8LFMdONN8hG3P2pipUfX4Y/fR8rAEtcHcQ=="
    },
    "csstype": {
      "version": "3.1.1",
      "resolved": "https://registry.npmjs.org/csstype/-/csstype-3.1.1.tgz",
      "integrity": "sha512-DJR/VvkAvSZW9bTouZue2sSxDwdTN92uHjqeKVm+0dAqdfNykRzQ95tay8aXMBAAPpUiq4Qcug2L7neoRh2Egw=="
    },
    "deepmerge": {
      "version": "1.5.2",
      "resolved": "https://registry.npmjs.org/deepmerge/-/deepmerge-1.5.2.tgz",
      "integrity": "sha512-95k0GDqvBjZavkuvzx/YqVLv/6YYa17fz6ILMSf7neqQITCPbnfEnQvEgMPNjH4kgobe7+WIL0yJEHku+H3qtQ=="
    },
    "element-resize-detector": {
      "version": "1.2.4",
      "resolved": "https://registry.npmjs.org/element-resize-detector/-/element-resize-detector-1.2.4.tgz",
      "integrity": "sha512-Fl5Ftk6WwXE0wqCgNoseKWndjzZlDCwuPTcoVZfCP9R3EHQF8qUtr3YUPNETegRBOKqQKPW3n4kiIWngGi8tKg==",
      "requires": {
        "batch-processor": "1.0.0"
      }
    },
    "element-ui": {
      "version": "2.15.10",
      "resolved": "https://registry.npmjs.org/element-ui/-/element-ui-2.15.10.tgz",
      "integrity": "sha512-jmD++mU2wKXbisvx4fxOl2mHaU+HWHTAq/3Wf8x9Bwyu4GdDZPLABb+CGi3DWN6fPqdgRcd74aX39DO+YHObLw==",
      "requires": {
        "async-validator": "~1.8.1",
        "babel-helper-vue-jsx-merge-props": "^2.0.0",
        "deepmerge": "^1.2.0",
        "normalize-wheel": "^1.0.1",
        "resize-observer-polyfill": "^1.5.0",
        "throttle-debounce": "^1.0.1"
      }
    },
    "follow-redirects": {
      "version": "1.15.2",
      "resolved": "https://registry.npmjs.org/follow-redirects/-/follow-redirects-1.15.2.tgz",
      "integrity": "sha512-VQLG33o04KaQ8uYi2tVNbdrWp1QWxNNea+nmIB4EVM28v0hmP17z7aG1+wAkNzVq4KeXTq3221ye5qTJP91JwA=="
    },
    "nanoid": {
      "version": "3.3.4",
      "resolved": "https://registry.npmjs.org/nanoid/-/nanoid-3.3.4.tgz",
      "integrity": "sha512-MqBkQh/OHTS2egovRtLk45wEyNXwF+cokD+1YPf9u5VfJiRdAiRwB2froX5Co9Rh20xs4siNPm8naNotSD6RBw=="
    },
    "normalize-wheel": {
      "version": "1.0.1",
      "resolved": "https://registry.npmjs.org/normalize-wheel/-/normalize-wheel-1.0.1.tgz",
      "integrity": "sha512-1OnlAPZ3zgrk8B91HyRj+eVv+kS5u+Z0SCsak6Xil/kmgEia50ga7zfkumayonZrImffAxPU/5WcyGhzetHNPA=="
    },
    "picocolors": {
      "version": "1.0.0",
      "resolved": "https://registry.npmjs.org/picocolors/-/picocolors-1.0.0.tgz",
      "integrity": "sha512-1fygroTLlHu66zi26VoTDv8yRgm0Fccecssto+MhsZ0D/DGW2sm8E8AjW7NU5VVTRt5GxbeZ5qBuJr+HyLYkjQ=="
    },
    "postcss": {
      "version": "8.4.16",
      "resolved": "https://registry.npmjs.org/postcss/-/postcss-8.4.16.tgz",
      "integrity": "sha512-ipHE1XBvKzm5xI7hiHCZJCSugxvsdq2mPnsq5+UF+VHCjiBvtDrlxJfMBToWaP9D5XlgNmcFGqoHmUn0EYEaRQ==",
      "requires": {
        "nanoid": "^3.3.4",
        "picocolors": "^1.0.0",
        "source-map-js": "^1.0.2"
      }
    },
    "regenerator-runtime": {
      "version": "0.11.1",
      "resolved": "https://registry.npmjs.org/regenerator-runtime/-/regenerator-runtime-0.11.1.tgz",
      "integrity": "sha512-MguG95oij0fC3QV3URf4V2SDYGJhJnJGqvIIgdECeODCT98wSWDAJ94SSuVpYQUoTcGUIL6L4yNB7j1DFFHSBg=="
    },
    "resize-observer-polyfill": {
      "version": "1.5.1",
      "resolved": "https://registry.npmjs.org/resize-observer-polyfill/-/resize-observer-polyfill-1.5.1.tgz",
      "integrity": "sha512-LwZrotdHOo12nQuZlHEmtuXdqGoOD0OhaxopaNFxWzInpEgaLWoVuAMbTzixuosCx2nEG58ngzW3vxdWoxIgdg=="
    },
    "source-map": {
      "version": "0.6.1",
      "resolved": "https://registry.npmjs.org/source-map/-/source-map-0.6.1.tgz",
      "integrity": "sha512-UjgapumWlbMhkBgzT7Ykc5YXUT46F0iKu8SGXq0bcwP5dz/h0Plj6enJqjz1Zbq2l5WaqYnrVbwWOWMyF3F47g=="
    },
    "source-map-js": {
      "version": "1.0.2",
      "resolved": "https://registry.npmjs.org/source-map-js/-/source-map-js-1.0.2.tgz",
      "integrity": "sha512-R0XvVJ9WusLiqTCEiGCmICCMplcCkIwwR11mOSD9CR5u+IXYdiseeEuXCVAjS54zqwkLcPNnmU4OeJ6tUrWhDw=="
    },
    "throttle-debounce": {
      "version": "1.1.0",
      "resolved": "https://registry.npmjs.org/throttle-debounce/-/throttle-debounce-1.1.0.tgz",
      "integrity": "sha512-XH8UiPCQcWNuk2LYePibW/4qL97+ZQ1AN3FNXwZRBNPPowo/NRU5fAlDCSNBJIYCKbioZfuYtMhG4quqoJhVzg=="
    },
    "vue": {
      "version": "2.7.10",
      "resolved": "https://registry.npmjs.org/vue/-/vue-2.7.10.tgz",
      "integrity": "sha512-HmFC70qarSHPXcKtW8U8fgIkF6JGvjEmDiVInTkKZP0gIlEPhlVlcJJLkdGIDiNkIeA2zJPQTWJUI4iWe+AVfg==",
      "requires": {
        "@vue/compiler-sfc": "2.7.10",
        "csstype": "^3.1.0"
      }
    },
    "vue-axios": {
      "version": "3.4.1",
      "resolved": "https://registry.npmjs.org/vue-axios/-/vue-axios-3.4.1.tgz",
      "integrity": "sha512-8YZYUOQrBEJktxoQtrM4rr2LfVcDaWfJqv8MqtLlgLlkuBvCYKFSZSo6AXQ4YcCzdgccDqstmuaEh68lcH9xWA=="
    },
    "vue-grid-layout": {
      "version": "2.4.0",
      "resolved": "https://registry.npmjs.org/vue-grid-layout/-/vue-grid-layout-2.4.0.tgz",
      "integrity": "sha512-MRQVt1BdWDaPN4gKGEKOVVwiTyucqJhrGEyjiY9Muor+dzFFq4Hm0geSpYJpLvC1GLlTL8KWUwy0suKrHm+mqg==",
      "requires": {
        "@interactjs/actions": "1.10.2",
        "@interactjs/auto-scroll": "1.10.2",
        "@interactjs/auto-start": "1.10.2",
        "@interactjs/dev-tools": "1.10.2",
        "@interactjs/interactjs": "1.10.2",
        "@interactjs/modifiers": "1.10.2",
        "element-resize-detector": "^1.2.1"
      }
    },
    "vue-router": {
      "version": "3.6.5",
      "resolved": "https://registry.npmjs.org/vue-router/-/vue-router-3.6.5.tgz",
      "integrity": "sha512-VYXZQLtjuvKxxcshuRAwjHnciqZVoXAjTjcqBTz4rKc8qih9g9pI3hbDjmqXaHdgL3v8pV6P8Z335XvHzESxLQ=="
    }
  }
}
